<?xml version="1.0" encoding="utf-8"?>
<Project ToolsVersion="4.0" xmlns="http://schemas.microsoft.com/developer/msbuild/2003">
  <ItemGroup>
    <Filter Include="TheDoor">
      <UniqueIdentifier>{cdb39285-cc32-48a7-9761-2deb73a36e4b}</UniqueIdentifier>
    </Filter>
    <Filter Include="TheDoor\스테이지">
      <UniqueIdentifier>{61cefec8-48b0-451b-9731-e1c58e2efb14}</UniqueIdentifier>
    </Filter>
    <Filter Include="TheDoor\아이템">
      <UniqueIdentifier>{96c53242-508c-4e50-8dc3-edfca2a892f7}</UniqueIdentifier>
    </Filter>
    <Filter Include="TheDoor\화면">
      <UniqueIdentifier>{5a6ca4f0-60d4-4757-8334-229ee30693a2}</UniqueIdentifier>
    </Filter>
    <Filter Include="TheDoor\BGM">
      <UniqueIdentifier>{30926c7c-0f86-4285-9e5c-221214d32474}</UniqueIdentifier>
    </Filter>
  </ItemGroup>
  <ItemGroup>
    <ClCompile Include="main.cpp" />
    <ClCompile Include="MainGame.cpp" />
    <ClCompile Include="Room1.cpp">
      <Filter>TheDoor\스테이지</Filter>
    </ClCompile>
    <ClCompile Include="Room2.cpp">
      <Filter>TheDoor\스테이지</Filter>
    </ClCompile>
    <ClCompile Include="Room3.cpp">
      <Filter>TheDoor\스테이지</Filter>
    </ClCompile>
    <ClCompile Include="Inventory.cpp">
      <Filter>TheDoor\아이템</Filter>
    </ClCompile>
    <ClCompile Include="Item.cpp">
      <Filter>TheDoor\아이템</Filter>
    </ClCompile>
    <ClCompile Include="StartScreen.cpp">
      <Filter>TheDoor\화면</Filter>
    </ClCompile>
    <ClCompile Include="Charactor.cpp">
      <Filter>TheDoor\화면</Filter>
    </ClCompile>
    <ClCompile Include="BackGround.cpp">
      <Filter>TheDoor\화면</Filter>
    </ClCompile>
  </ItemGroup>
  <ItemGroup>
    <ClInclude Include="header.h">
      <Filter>TheDoor</Filter>
    </ClInclude>
    <ClInclude Include="MainGame.h" />
    <ClInclude Include="Room1.h">
      <Filter>TheDoor\스테이지</Filter>
    </ClInclude>
    <ClInclude Include="Room2.h">
      <Filter>TheDoor\스테이지</Filter>
    </ClInclude>
    <ClInclude Include="Room3.h">
      <Filter>TheDoor\스테이지</Filter>
    </ClInclude>
    <ClInclude Include="Inventory.h">
      <Filter>TheDoor\아이템</Filter>
    </ClInclude>
    <ClInclude Include="Item.h">
      <Filter>TheDoor\아이템</Filter>
    </ClInclude>
    <ClInclude Include="StartScreen.h">
      <Filter>TheDoor\화면</Filter>
    </ClInclude>
    <ClInclude Include="Charactor.h">
      <Filter>TheDoor\화면</Filter>
    </ClInclude>
    <ClInclude Include="BackGround.h">
      <Filter>TheDoor\화면</Filter>
    </ClInclude>
  </ItemGroup>
  <ItemGroup>
    <Media Include="BGM\문.wav">
      <Filter>TheDoor\BGM</Filter>
    </Media>
    <Media Include="BGM\방1.wav">
      <Filter>TheDoor\BGM</Filter>
    </Media>
    <Media Include="BGM\방2.wav">
      <Filter>TheDoor\BGM</Filter>
    </Media>
    <Media Include="BGM\방3.wav">
      <Filter>TheDoor\BGM</Filter>
    </Media>
    <Media Include="BGM\시작.wav">
      <Filter>TheDoor\BGM</Filter>
    </Media>
    <Media Include="BGM\엔딩.wav">
      <Filter>TheDoor\BGM</Filter>
    </Media>
    <Media Include="BGM\키보드.wav">
      <Filter>TheDoor\BGM</Filter>
    </Media>
  </ItemGroup>
</Project>